
Microsoft Visual Studio Solution File, Format Version 12.00
# Visual Studio 15
VisualStudioVersion = 15.0.28307.168
MinimumVisualStudioVersion = 10.0.40219.1
Project("{2150E333-8FDC-42A3-9474-1A3956D46DE8}") = "demo", "demo", "{D0E8B847-F5FA-432D-A7B6-150AD2003F3F}"
EndProject
Project("{2150E333-8FDC-42A3-9474-1A3956D46DE8}") = "doc", "doc", "{312BBD60-CD2C-4EF8-9DAC-7734A22B0B85}"
EndProject
Project("{2150E333-8FDC-42A3-9474-1A3956D46DE8}") = "src", "src", "{74D580D2-AA27-491B-949E-8E27675963C9}"
EndProject
Project("{9A19103F-16F7-4668-BE54-9A1E7A4F7556}") = "Ezreal.EasyPay.Abstractions", "src\Ezreal.EasyPay.Abstractions\Ezreal.EasyPay.Abstractions.csproj", "{F297BE78-9ED7-4892-B0EA-B224F1B92C05}"
EndProject
Project("{9A19103F-16F7-4668-BE54-9A1E7A4F7556}") = "Ezreal.EasyPay.Common", "src\Ezreal.EasyPay.Common\Ezreal.EasyPay.Common.csproj", "{84043F76-FD5A-49AD-ABA6-B18B2BC2270B}"
EndProject
Project("{9A19103F-16F7-4668-BE54-9A1E7A4F7556}") = "Ezreal.EasyPay.WeChat", "src\Ezreal.EasyPay.WeChat\Ezreal.EasyPay.WeChat.csproj", "{5E8E0618-C30C-4CEE-948A-1FF916C63DBC}"
EndProject
Project("{9A19103F-16F7-4668-BE54-9A1E7A4F7556}") = "AspNetCoreWebApplicationSample", "demo\AspNetCoreWebApplicationSample\AspNetCoreWebApplicationSample.csproj", "{08A1376A-79F9-4C35-A187-693E7D8F22BB}"
EndProject
Project("{FAE04EC0-301F-11D3-BF4B-00C04F79EFBC}") = "ConsoleApp", "demo\ConsoleApp\ConsoleApp.csproj", "{3D2D9B52-7E04-4D3D-A5B0-1537AEBC7FFE}"
EndProject
Global
	GlobalSection(SolutionConfigurationPlatforms) = preSolution
		Debug|Any CPU = Debug|Any CPU
		Release|Any CPU = Release|Any CPU
	EndGlobalSection
	GlobalSection(ProjectConfigurationPlatforms) = postSolution
		{F297BE78-9ED7-4892-B0EA-B224F1B92C05}.Debug|Any CPU.ActiveCfg = Debug|Any CPU
		{F297BE78-9ED7-4892-B0EA-B224F1B92C05}.Debug|Any CPU.Build.0 = Debug|Any CPU
		{F297BE78-9ED7-4892-B0EA-B224F1B92C05}.Release|Any CPU.ActiveCfg = Release|Any CPU
		{F297BE78-9ED7-4892-B0EA-B224F1B92C05}.Release|Any CPU.Build.0 = Release|Any CPU
		{84043F76-FD5A-49AD-ABA6-B18B2BC2270B}.Debug|Any CPU.ActiveCfg = Debug|Any CPU
		{84043F76-FD5A-49AD-ABA6-B18B2BC2270B}.Debug|Any CPU.Build.0 = Debug|Any CPU
		{84043F76-FD5A-49AD-ABA6-B18B2BC2270B}.Release|Any CPU.ActiveCfg = Release|Any CPU
		{84043F76-FD5A-49AD-ABA6-B18B2BC2270B}.Release|Any CPU.Build.0 = Release|Any CPU
		{5E8E0618-C30C-4CEE-948A-1FF916C63DBC}.Debug|Any CPU.ActiveCfg = Debug|Any CPU
		{5E8E0618-C30C-4CEE-948A-1FF916C63DBC}.Debug|Any CPU.Build.0 = Debug|Any CPU
		{5E8E0618-C30C-4CEE-948A-1FF916C63DBC}.Release|Any CPU.ActiveCfg = Release|Any CPU
		{5E8E0618-C30C-4CEE-948A-1FF916C63DBC}.Release|Any CPU.Build.0 = Release|Any CPU
		{08A1376A-79F9-4C35-A187-693E7D8F22BB}.Debug|Any CPU.ActiveCfg = Debug|Any CPU
		{08A1376A-79F9-4C35-A187-693E7D8F22BB}.Debug|Any CPU.Build.0 = Debug|Any CPU
		{08A1376A-79F9-4C35-A187-693E7D8F22BB}.Release|Any CPU.ActiveCfg = Release|Any CPU
		{08A1376A-79F9-4C35-A187-693E7D8F22BB}.Release|Any CPU.Build.0 = Release|Any CPU
		{3D2D9B52-7E04-4D3D-A5B0-1537AEBC7FFE}.Debug|Any CPU.ActiveCfg = Debug|Any CPU
		{3D2D9B52-7E04-4D3D-A5B0-1537AEBC7FFE}.Debug|Any CPU.Build.0 = Debug|Any CPU
		{3D2D9B52-7E04-4D3D-A5B0-1537AEBC7FFE}.Release|Any CPU.ActiveCfg = Release|Any CPU
		{3D2D9B52-7E04-4D3D-A5B0-1537AEBC7FFE}.Release|Any CPU.Build.0 = Release|Any CPU
	EndGlobalSection
	GlobalSection(SolutionProperties) = preSolution
		HideSolutionNode = FALSE
	EndGlobalSection
	GlobalSection(NestedProjects) = preSolution
		{F297BE78-9ED7-4892-B0EA-B224F1B92C05} = {74D580D2-AA27-491B-949E-8E27675963C9}
		{84043F76-FD5A-49AD-ABA6-B18B2BC2270B} = {74D580D2-AA27-491B-949E-8E27675963C9}
		{5E8E0618-C30C-4CEE-948A-1FF916C63DBC} = {74D580D2-AA27-491B-949E-8E27675963C9}
		{08A1376A-79F9-4C35-A187-693E7D8F22BB} = {D0E8B847-F5FA-432D-A7B6-150AD2003F3F}
		{3D2D9B52-7E04-4D3D-A5B0-1537AEBC7FFE} = {D0E8B847-F5FA-432D-A7B6-150AD2003F3F}
	EndGlobalSection
	GlobalSection(ExtensibilityGlobals) = postSolution
		SolutionGuid = {84003617-7667-4FBC-A922-C7003AF6CB4B}
	EndGlobalSection
EndGlobal
